lockfileVersion: '9.0'

settings:
  autoInstallPeers: true
  excludeLinksFromLockfile: false

importers:

  .:
    dependencies:
      uplot:
        specifier: ^1.6.32
        version: 1.6.32

packages:

  uplot@1.6.32:
    resolution: {integrity: sha512-KIMVnG68zvu5XXUbC4LQEPnhwOxBuLyW1AHtpm6IKTXImkbLgkMy+jabjLgSLMasNuGGzQm/ep3tOkyTxpiQIw==}

snapshots:

  uplot@1.6.32: {}
